
Microsoft Visual Studio Solution File, Format Version 12.00
# Visual Studio Version 17
VisualStudioVersion = 17.14.36616.10 d17.14
MinimumVisualStudioVersion = 10.0.40219.1
Project("{FAE04EC0-301F-11D3-BF4B-00C04F79EFBC}") = "ScottishGlen", "ScottishGlen.csproj", "{84E31092-EEBD-49B4-8B54-166D3D31471D}"
EndProject
Global
	GlobalSection(SolutionConfigurationPlatforms) = preSolution
		Debug|Any CPU = Debug|Any CPU
		Release|Any CPU = Release|Any CPU
	EndGlobalSection
	GlobalSection(ProjectConfigurationPlatforms) = postSolution
		{84E31092-EEBD-49B4-8B54-166D3D31471D}.Debug|Any CPU.ActiveCfg = Debug|Any CPU
		{84E31092-EEBD-49B4-8B54-166D3D31471D}.Debug|Any CPU.Build.0 = Debug|Any CPU
		{84E31092-EEBD-49B4-8B54-166D3D31471D}.Release|Any CPU.ActiveCfg = Release|Any CPU
		{84E31092-EEBD-49B4-8B54-166D3D31471D}.Release|Any CPU.Build.0 = Release|Any CPU
	EndGlobalSection
	GlobalSection(SolutionProperties) = preSolution
		HideSolutionNode = FALSE
	EndGlobalSection
	GlobalSection(ExtensibilityGlobals) = postSolution
		SolutionGuid = {E9775193-25CE-4CE4-A8CA-2D5E7284A47C}
	EndGlobalSection
EndGlobal
